
Microsoft Visual Studio Solution File, Format Version 12.00
# Visual Studio 15
VisualStudioVersion = 15.0.27004.2006
MinimumVisualStudioVersion = 10.0.40219.1
Project("{FAE04EC0-301F-11D3-BF4B-00C04F79EFBC}") = "clientTest2", "clientTest2\clientTest2.csproj", "{1DAE0FF4-56B6-4F5C-A91D-BE6D7732DE47}"
EndProject
Global
	GlobalSection(SolutionConfigurationPlatforms) = preSolution
		Debug|Any CPU = Debug|Any CPU
		Release|Any CPU = Release|Any CPU
	EndGlobalSection
	GlobalSection(ProjectConfigurationPlatforms) = postSolution
		{1DAE0FF4-56B6-4F5C-A91D-BE6D7732DE47}.Debug|Any CPU.ActiveCfg = Debug|Any CPU
		{1DAE0FF4-56B6-4F5C-A91D-BE6D7732DE47}.Debug|Any CPU.Build.0 = Debug|Any CPU
		{1DAE0FF4-56B6-4F5C-A91D-BE6D7732DE47}.Release|Any CPU.ActiveCfg = Release|Any CPU
		{1DAE0FF4-56B6-4F5C-A91D-BE6D7732DE47}.Release|Any CPU.Build.0 = Release|Any CPU
	EndGlobalSection
	GlobalSection(SolutionProperties) = preSolution
		HideSolutionNode = FALSE
	EndGlobalSection
	GlobalSection(ExtensibilityGlobals) = postSolution
		SolutionGuid = {70DA2AA0-E64F-437E-9085-9CC70E6C4B70}
	EndGlobalSection
EndGlobal
